{
  "version": "5",
  "specifiers": {
    "jsr:@supabase/functions-js@*": "2.5.0",
    "npm:@protobuf-ts/runtime@*": "2.11.1"
  },
  "jsr": {
    "@supabase/functions-js@2.5.0": {
      "integrity": "c48e3fc5da1510ce6dab34af3fc49cd637ea7b721d92faffd0545cbdcc548430"
    }
  },
  "npm": {
    "@protobuf-ts/runtime@2.11.1": {
      "integrity": "sha512-KuDaT1IfHkugM2pyz+FwiY80ejWrkH1pAtOBOZFuR6SXEFTsnb/jiQWQ1rCIrcKx2BtyxnxW6BWwsVSA/Ie+WQ==",
      "tarball": "https://registry.npmmirror.com/@protobuf-ts/runtime/-/runtime-2.11.1.tgz"
    }
  }
}
